PODS:
  - AppCenter (4.4.3):
    - AppCenter/Analytics (= 4.4.3)
    - AppCenter/Crashes (= 4.4.3)
  - AppCenter/Analytics (4.4.3):
    - AppCenter/Core
  - AppCenter/Core (4.4.3)
  - AppCenter/Crashes (4.4.3):
    - AppCenter/Core

DEPENDENCIES:
  - AppCenter

SPEC REPOS:
  trunk:
    - AppCenter

SPEC CHECKSUMS:
  AppCenter: 3fd04aa1b166e16fdb03ec81dabe488aece83fbd

PODFILE CHECKSUM: 0ca585a78fbb30becdf7d1d3669e1ccdf43c9488

COCOAPODS: 1.11.3
